{
  "name": "website",
  "version": "1.0.1",
  "lockfileVersion": 3,
  "requires": true,
  "packages": {
    "": {
      "name": "website",
      "version": "1.0.1",
      "license": "ISC",
      "dependencies": {
        "@aptabase/web": "^0.4.3"
      }
    },
    "node_modules/@aptabase/web": {
      "version": "0.4.3",
      "resolved": "https://registry.npmjs.org/@aptabase/web/-/web-0.4.3.tgz",
      "integrity": "sha512-IcFGvgEcc26chrRDmnOxzH/HLeNexrAoDx2DjNFAoTjfZCSJmxrABqseVLlTI7JeGKfDdIVI+IC3AWj5v+2J0A==",
      "license": "MIT"
    }
  }
}
